
Microsoft Visual Studio Solution File, Format Version 12.00
# Visual Studio Version 16
VisualStudioVersion = 16.0.31410.357
MinimumVisualStudioVersion = 10.0.40219.1
Project("{9A19103F-16F7-4668-BE54-9A1E7A4F7556}") = "Calculator", "Calculator\Calculator.csproj", "{FF79B32E-6650-4CAA-8159-7DB3615CDA82}"
EndProject
Project("{9A19103F-16F7-4668-BE54-9A1E7A4F7556}") = "CalculatorLibrary", "CalculatorLibrary\CalculatorLibrary.csproj", "{77873164-0B71-4895-9B31-68241793CC0C}"
EndProject
Project("{FAE04EC0-301F-11D3-BF4B-00C04F79EFBC}") = "CalculatorTests", "CalculatorTests\CalculatorTests.csproj", "{AC8491AA-7FE7-42FC-80F7-4572533A46D6}"
EndProject
Global
	GlobalSection(SolutionConfigurationPlatforms) = preSolution
		Debug|Any CPU = Debug|Any CPU
		Release|Any CPU = Release|Any CPU
	EndGlobalSection
	GlobalSection(ProjectConfigurationPlatforms) = postSolution
		{FF79B32E-6650-4CAA-8159-7DB3615CDA82}.Debug|Any CPU.ActiveCfg = Debug|Any CPU
		{FF79B32E-6650-4CAA-8159-7DB3615CDA82}.Debug|Any CPU.Build.0 = Debug|Any CPU
		{FF79B32E-6650-4CAA-8159-7DB3615CDA82}.Release|Any CPU.ActiveCfg = Release|Any CPU
		{FF79B32E-6650-4CAA-8159-7DB3615CDA82}.Release|Any CPU.Build.0 = Release|Any CPU
		{77873164-0B71-4895-9B31-68241793CC0C}.Debug|Any CPU.ActiveCfg = Debug|Any CPU
		{77873164-0B71-4895-9B31-68241793CC0C}.Debug|Any CPU.Build.0 = Debug|Any CPU
		{77873164-0B71-4895-9B31-68241793CC0C}.Release|Any CPU.ActiveCfg = Release|Any CPU
		{77873164-0B71-4895-9B31-68241793CC0C}.Release|Any CPU.Build.0 = Release|Any CPU
		{AC8491AA-7FE7-42FC-80F7-4572533A46D6}.Debug|Any CPU.ActiveCfg = Debug|Any CPU
		{AC8491AA-7FE7-42FC-80F7-4572533A46D6}.Debug|Any CPU.Build.0 = Debug|Any CPU
		{AC8491AA-7FE7-42FC-80F7-4572533A46D6}.Release|Any CPU.ActiveCfg = Release|Any CPU
		{AC8491AA-7FE7-42FC-80F7-4572533A46D6}.Release|Any CPU.Build.0 = Release|Any CPU
	EndGlobalSection
	GlobalSection(SolutionProperties) = preSolution
		HideSolutionNode = FALSE
	EndGlobalSection
	GlobalSection(ExtensibilityGlobals) = postSolution
		SolutionGuid = {BC90A8BD-648F-4B97-8668-47F2DD4DC3E7}
	EndGlobalSection
EndGlobal
